
Microsoft Visual Studio Solution File, Format Version 12.00
# Visual Studio Version 17
VisualStudioVersion = 17.2.32519.379
MinimumVisualStudioVersion = 10.0.40219.1
Project("{FAE04EC0-301F-11D3-BF4B-00C04F79EFBC}") = "OnlineTesting", "OnlineTesting\OnlineTesting.csproj", "{6AA8A3A0-6BA2-4949-BFEC-9AE053F6B4CC}"
EndProject
Global
	GlobalSection(SolutionConfigurationPlatforms) = preSolution
		Debug|Any CPU = Debug|Any CPU
		Release|Any CPU = Release|Any CPU
	EndGlobalSection
	GlobalSection(ProjectConfigurationPlatforms) = postSolution
		{6AA8A3A0-6BA2-4949-BFEC-9AE053F6B4CC}.Debug|Any CPU.ActiveCfg = Debug|Any CPU
		{6AA8A3A0-6BA2-4949-BFEC-9AE053F6B4CC}.Debug|Any CPU.Build.0 = Debug|Any CPU
		{6AA8A3A0-6BA2-4949-BFEC-9AE053F6B4CC}.Release|Any CPU.ActiveCfg = Release|Any CPU
		{6AA8A3A0-6BA2-4949-BFEC-9AE053F6B4CC}.Release|Any CPU.Build.0 = Release|Any CPU
	EndGlobalSection
	GlobalSection(SolutionProperties) = preSolution
		HideSolutionNode = FALSE
	EndGlobalSection
	GlobalSection(ExtensibilityGlobals) = postSolution
		SolutionGuid = {3522CA7A-1BCD-4631-B53D-F5F292D2C7E1}
	EndGlobalSection
EndGlobal
